
Microsoft Visual Studio Solution File, Format Version 12.00
# Visual Studio Version 17
VisualStudioVersion = 17.11.35208.52
MinimumVisualStudioVersion = 10.0.40219.1
Project("{FAE04EC0-301F-11D3-BF4B-00C04F79EFBC}") = "MyfareReader", "MyfareReader.csproj", "{B378F9B0-8BBA-44C4-B88D-B663D602AB30}"
EndProject
Global
	GlobalSection(SolutionConfigurationPlatforms) = preSolution
		Debug|Any CPU = Debug|Any CPU
		Release|Any CPU = Release|Any CPU
	EndGlobalSection
	GlobalSection(ProjectConfigurationPlatforms) = postSolution
		{B378F9B0-8BBA-44C4-B88D-B663D602AB30}.Debug|Any CPU.ActiveCfg = Debug|Any CPU
		{B378F9B0-8BBA-44C4-B88D-B663D602AB30}.Debug|Any CPU.Build.0 = Debug|Any CPU
		{B378F9B0-8BBA-44C4-B88D-B663D602AB30}.Release|Any CPU.ActiveCfg = Release|Any CPU
		{B378F9B0-8BBA-44C4-B88D-B663D602AB30}.Release|Any CPU.Build.0 = Release|Any CPU
	EndGlobalSection
	GlobalSection(SolutionProperties) = preSolution
		HideSolutionNode = FALSE
	EndGlobalSection
	GlobalSection(ExtensibilityGlobals) = postSolution
		SolutionGuid = {B0D452D0-3F8F-4F42-8F87-D24B12325703}
	EndGlobalSection
EndGlobal
